// !$*UTF8*$!
{
	archiveVersion = 1;
	classes = {
	};
	objectVersion = 46;
	objects = {

/* Begin PBXBuildFile section */
		0137E0ED1CCDAED200C2CFAC /* FZAccordionTableViewInitializationTests.m in Sources */ = {isa = PBXBuildFile; fileRef = 0137E0EC1CCDAED200C2CFAC /* FZAccordionTableViewInitializationTests.m */; };
		0137E0F01CCDAF0400C2CFAC /* FZAccordionTableViewTestHelpers.m in Sources */ = {isa = PBXBuildFile; fileRef = 0137E0EF1CCDAF0400C2CFAC /* FZAccordionTableViewTestHelpers.m */; };
		0156F14D1CCD2A6E00E0530C /* Main.storyboard in Resources */ = {isa = PBXBuildFile; fileRef = 01D1F33F1B24D94A007B97BD /* Main.storyboard */; };
		0156F14E1CCD2A7600E0530C /* AccordionHeaderView.xib in Resources */ = {isa = PBXBuildFile; fileRef = 01D1F3671B24DD86007B97BD /* AccordionHeaderView.xib */; };
		0156F1581CCD2BA400E0530C /* FZAccordionTableViewGeneralTests.m in Sources */ = {isa = PBXBuildFile; fileRef = 0156F1571CCD2BA400E0530C /* FZAccordionTableViewGeneralTests.m */; };
		01B0D1B81CD037BC0012BBCA /* FZAccordionTableViewDelegateTests.m in Sources */ = {isa = PBXBuildFile; fileRef = 01B0D1B71CD037BC0012BBCA /* FZAccordionTableViewDelegateTests.m */; };
		01B0D1BA1CD038000012BBCA /* FZAccordionTableViewTestBase.m in Sources */ = {isa = PBXBuildFile; fileRef = 01B0D1B91CD038000012BBCA /* FZAccordionTableViewTestBase.m */; };
		01D1F3351B24D94A007B97BD /* main.m in Sources */ = {isa = PBXBuildFile; fileRef = 01D1F3341B24D94A007B97BD /* main.m */; };
		01D1F3381B24D94A007B97BD /* AppDelegate.m in Sources */ = {isa = PBXBuildFile; fileRef = 01D1F3371B24D94A007B97BD /* AppDelegate.m */; };
		01D1F33B1B24D94A007B97BD /* MainViewController.m in Sources */ = {isa = PBXBuildFile; fileRef = 01D1F33A1B24D94A007B97BD /* MainViewController.m */; };
		01D1F3411B24D94A007B97BD /* Main.storyboard in Resources */ = {isa = PBXBuildFile; fileRef = 01D1F33F1B24D94A007B97BD /* Main.storyboard */; };
		01D1F3431B24D94A007B97BD /* Images.xcassets in Resources */ = {isa = PBXBuildFile; fileRef = 01D1F3421B24D94A007B97BD /* Images.xcassets */; };
		01D1F3461B24D94A007B97BD /* LaunchScreen.xib in Resources */ = {isa = PBXBuildFile; fileRef = 01D1F3441B24D94A007B97BD /* LaunchScreen.xib */; };
		01D1F35E1B24D9B2007B97BD /* FZAccordionTableView.m in Sources */ = {isa = PBXBuildFile; fileRef = 01D1F35D1B24D9B2007B97BD /* FZAccordionTableView.m */; };
		01D1F3661B24DD61007B97BD /* AccordionHeaderView.m in Sources */ = {isa = PBXBuildFile; fileRef = 01D1F3651B24DD61007B97BD /* AccordionHeaderView.m */; };
		01D1F3681B24DD86007B97BD /* AccordionHeaderView.xib in Resources */ = {isa = PBXBuildFile; fileRef = 01D1F3671B24DD86007B97BD /* AccordionHeaderView.xib */; };
/* End PBXBuildFile section */

/* Begin PBXContainerItemProxy section */
		0156F1461CCD219800E0530C /* PBXContainerItemProxy */ = {
			isa = PBXContainerItemProxy;
			containerPortal = 01D1F3271B24D949007B97BD /* Project object */;
			proxyType = 1;
			remoteGlobalIDString = 01D1F32E1B24D94A007B97BD;
			remoteInfo = FZAccordionTableViewTestApp;
		};
		0156F15A1CCD2BA400E0530C /* PBXContainerItemProxy */ = {
			isa = PBXContainerItemProxy;
			containerPortal = 01D1F3271B24D949007B97BD /* Project object */;
			proxyType = 1;
			remoteGlobalIDString = 01D1F32E1B24D94A007B97BD;
			remoteInfo = FZAccordionTableViewTestApp;
		};
/* End PBXContainerItemProxy section */

/* Begin PBXFileReference section */
		0137E0EC1CCDAED200C2CFAC /* FZAccordionTableViewInitializationTests.m */ = {isa = PBXFileReference; fileEncoding = 4; lastKnownFileType = sourcecode.c.objc; path = FZAccordionTableViewInitializationTests.m; sourceTree = "<group>"; };
		0137E0EE1CCDAF0400C2CFAC /* FZAccordionTableViewTestHelpers.h */ = {isa = PBXFileReference; fileEncoding = 4; lastKnownFileType = sourcecode.c.h; path = FZAccordionTableViewTestHelpers.h; sourceTree = "<group>"; };
		0137E0EF1CCDAF0400C2CFAC /* FZAccordionTableViewTestHelpers.m */ = {isa = PBXFileReference; fileEncoding = 4; lastKnownFileType = sourcecode.c.objc; path = FZAccordionTableViewTestHelpers.m; sourceTree = "<group>"; };
		0156F1411CCD219800E0530C /* FZAccordionTableViewUITests.xctest */ = {isa = PBXFileReference; explicitFileType = wrapper.cfbundle; includeInIndex = 0; path = FZAccordionTableViewUITests.xctest; sourceTree = BUILT_PRODUCTS_DIR; };
		0156F1431CCD219800E0530C /* FZAccordionTableViewUITests.m */ = {isa = PBXFileReference; lastKnownFileType = sourcecode.c.objc; path = FZAccordionTableViewUITests.m; sourceTree = "<group>"; };
		0156F1451CCD219800E0530C /* Info.plist */ = {isa = PBXFileReference; lastKnownFileType = text.plist.xml; path = Info.plist; sourceTree = "<group>"; };
		0156F1551CCD2BA400E0530C /* FZAccordionTableViewUnitTests.xctest */ = {isa = PBXFileReference; explicitFileType = wrapper.cfbundle; includeInIndex = 0; path = FZAccordionTableViewUnitTests.xctest; sourceTree = BUILT_PRODUCTS_DIR; };
		0156F1571CCD2BA400E0530C /* FZAccordionTableViewGeneralTests.m */ = {isa = PBXFileReference; lastKnownFileType = sourcecode.c.objc; path = FZAccordionTableViewGeneralTests.m; sourceTree = "<group>"; };
		0156F1591CCD2BA400E0530C /* Info.plist */ = {isa = PBXFileReference; lastKnownFileType = text.plist.xml; path = Info.plist; sourceTree = "<group>"; };
		01B0D1B71CD037BC0012BBCA /* FZAccordionTableViewDelegateTests.m */ = {isa = PBXFileReference; fileEncoding = 4; lastKnownFileType = sourcecode.c.objc; path = FZAccordionTableViewDelegateTests.m; sourceTree = "<group>"; };
		01B0D1B91CD038000012BBCA /* FZAccordionTableViewTestBase.m */ = {isa = PBXFileReference; fileEncoding = 4; lastKnownFileType = sourcecode.c.objc; path = FZAccordionTableViewTestBase.m; sourceTree = "<group>"; };
		01B0D1BB1CD039A10012BBCA /* FZAccordionTableViewTestBase.h */ = {isa = PBXFileReference; lastKnownFileType = sourcecode.c.h; path = FZAccordionTableViewTestBase.h; sourceTree = "<group>"; };
		01D1F32F1B24D94A007B97BD /* FZAccordionTableViewTests.app */ = {isa = PBXFileReference; explicitFileType = wrapper.application; includeInIndex = 0; path = FZAccordionTableViewTests.app; sourceTree = BUILT_PRODUCTS_DIR; };
		01D1F3331B24D94A007B97BD /* Info.plist */ = {isa = PBXFileReference; lastKnownFileType = text.plist.xml; path = Info.plist; sourceTree = "<group>"; };
		01D1F3341B24D94A007B97BD /* main.m */ = {isa = PBXFileReference; lastKnownFileType = sourcecode.c.objc; path = main.m; sourceTree = "<group>"; };
		01D1F3361B24D94A007B97BD /* AppDelegate.h */ = {isa = PBXFileReference; lastKnownFileType = sourcecode.c.h; path = AppDelegate.h; sourceTree = "<group>"; };
		01D1F3371B24D94A007B97BD /* AppDelegate.m */ = {isa = PBXFileReference; lastKnownFileType = sourcecode.c.objc; path = AppDelegate.m; sourceTree = "<group>"; };
		01D1F3391B24D94A007B97BD /* MainViewController.h */ = {isa = PBXFileReference; lastKnownFileType = sourcecode.c.h; path = MainViewController.h; sourceTree = "<group>"; };
		01D1F33A1B24D94A007B97BD /* MainViewController.m */ = {isa = PBXFileReference; lastKnownFileType = sourcecode.c.objc; path = MainViewController.m; sourceTree = "<group>"; };
		01D1F3401B24D94A007B97BD /* Base */ = {isa = PBXFileReference; lastKnownFileType = file.storyboard; name = Base; path = Base.lproj/Main.storyboard; sourceTree = "<group>"; };
		01D1F3421B24D94A007B97BD /* Images.xcassets */ = {isa = PBXFileReference; lastKnownFileType = folder.assetcatalog; path = Images.xcassets; sourceTree = "<group>"; };
		01D1F3451B24D94A007B97BD /* Base */ = {isa = PBXFileReference; lastKnownFileType = file.xib; name = Base; path = Base.lproj/LaunchScreen.xib; sourceTree = "<group>"; };
		01D1F35C1B24D9B2007B97BD /* FZAccordionTableView.h */ = {isa = PBXFileReference; fileEncoding = 4; lastKnownFileType = sourcecode.c.h; lineEnding = 0; path = FZAccordionTableView.h; sourceTree = "<group>"; };
		01D1F35D1B24D9B2007B97BD /* FZAccordionTableView.m */ = {isa = PBXFileReference; fileEncoding = 4; lastKnownFileType = sourcecode.c.objc; lineEnding = 0; path = FZAccordionTableView.m; sourceTree = "<group>"; };
		01D1F3641B24DD61007B97BD /* AccordionHeaderView.h */ = {isa = PBXFileReference; fileEncoding = 4; lastKnownFileType = sourcecode.c.h; path = AccordionHeaderView.h; sourceTree = "<group>"; };
		01D1F3651B24DD61007B97BD /* AccordionHeaderView.m */ = {isa = PBXFileReference; fileEncoding = 4; lastKnownFileType = sourcecode.c.objc; path = AccordionHeaderView.m; sourceTree = "<group>"; };
		01D1F3671B24DD86007B97BD /* AccordionHeaderView.xib */ = {isa = PBXFileReference; fileEncoding = 4; lastKnownFileType = file.xib; path = AccordionHeaderView.xib; sourceTree = "<group>"; };
/* End PBXFileReference section */

/* Begin PBXFrameworksBuildPhase section */
		0156F13E1CCD219800E0530C /* Frameworks */ = {
			isa = PBXFrameworksBuildPhase;
			buildActionMask = 2147483647;
			files = (
			);
			runOnlyForDeploymentPostprocessing = 0;
		};
		0156F1521CCD2BA400E0530C /* Frameworks */ = {
			isa = PBXFrameworksBuildPhase;
			buildActionMask = 2147483647;
			files = (
			);
			runOnlyForDeploymentPostprocessing = 0;
		};
		01D1F32C1B24D94A007B97BD /* Frameworks */ = {
			isa = PBXFrameworksBuildPhase;
			buildActionMask = 2147483647;
			files = (
			);
			runOnlyForDeploymentPostprocessing = 0;
		};
/* End PBXFrameworksBuildPhase section */

/* Begin PBXGroup section */
		0156F1421CCD219800E0530C /* FZAccordionTableViewUITests */ = {
			isa = PBXGroup;
			children = (
				0156F1431CCD219800E0530C /* FZAccordionTableViewUITests.m */,
				0156F1451CCD219800E0530C /* Info.plist */,
			);
			path = FZAccordionTableViewUITests;
			sourceTree = "<group>";
		};
		0156F1561CCD2BA400E0530C /* FZAccordionTableViewUnitTests */ = {
			isa = PBXGroup;
			children = (
				01B0D1BC1CD03B690012BBCA /* TestHelpers */,
				0137E0EC1CCDAED200C2CFAC /* FZAccordionTableViewInitializationTests.m */,
				0156F1571CCD2BA400E0530C /* FZAccordionTableViewGeneralTests.m */,
				01B0D1B71CD037BC0012BBCA /* FZAccordionTableViewDelegateTests.m */,
				0156F1591CCD2BA400E0530C /* Info.plist */,
			);
			path = FZAccordionTableViewUnitTests;
			sourceTree = "<group>";
		};
		01B0D1BC1CD03B690012BBCA /* TestHelpers */ = {
			isa = PBXGroup;
			children = (
				0137E0EE1CCDAF0400C2CFAC /* FZAccordionTableViewTestHelpers.h */,
				0137E0EF1CCDAF0400C2CFAC /* FZAccordionTableViewTestHelpers.m */,
				01B0D1BB1CD039A10012BBCA /* FZAccordionTableViewTestBase.h */,
				01B0D1B91CD038000012BBCA /* FZAccordionTableViewTestBase.m */,
			);
			name = TestHelpers;
			sourceTree = "<group>";
		};
		01D1F3261B24D949007B97BD = {
			isa = PBXGroup;
			children = (
				01D1F3311B24D94A007B97BD /* FZAccordionTableViewTestApp */,
				0156F1561CCD2BA400E0530C /* FZAccordionTableViewUnitTests */,
				0156F1421CCD219800E0530C /* FZAccordionTableViewUITests */,
				01D1F3301B24D94A007B97BD /* Products */,
			);
			sourceTree = "<group>";
		};
		01D1F3301B24D94A007B97BD /* Products */ = {
			isa = PBXGroup;
			children = (
				01D1F32F1B24D94A007B97BD /* FZAccordionTableViewTests.app */,
				0156F1411CCD219800E0530C /* FZAccordionTableViewUITests.xctest */,
				0156F1551CCD2BA400E0530C /* FZAccordionTableViewUnitTests.xctest */,
			);
			name = Products;
			sourceTree = "<group>";
		};
		01D1F3311B24D94A007B97BD /* FZAccordionTableViewTestApp */ = {
			isa = PBXGroup;
			children = (
				01D1F3361B24D94A007B97BD /* AppDelegate.h */,
				01D1F3371B24D94A007B97BD /* AppDelegate.m */,
				01D1F3391B24D94A007B97BD /* MainViewController.h */,
				01D1F33A1B24D94A007B97BD /* MainViewController.m */,
				01D1F3641B24DD61007B97BD /* AccordionHeaderView.h */,
				01D1F3651B24DD61007B97BD /* AccordionHeaderView.m */,
				01D1F3671B24DD86007B97BD /* AccordionHeaderView.xib */,
				01D1F33F1B24D94A007B97BD /* Main.storyboard */,
				01D1F3421B24D94A007B97BD /* Images.xcassets */,
				01D1F3441B24D94A007B97BD /* LaunchScreen.xib */,
				01D1F35B1B24D991007B97BD /* FZAccordionTableView */,
				01D1F3321B24D94A007B97BD /* Supporting Files */,
			);
			path = FZAccordionTableViewTestApp;
			sourceTree = "<group>";
		};
		01D1F3321B24D94A007B97BD /* Supporting Files */ = {
			isa = PBXGroup;
			children = (
				01D1F3331B24D94A007B97BD /* Info.plist */,
				01D1F3341B24D94A007B97BD /* main.m */,
			);
			name = "Supporting Files";
			sourceTree = "<group>";
		};
		01D1F35B1B24D991007B97BD /* FZAccordionTableView */ = {
			isa = PBXGroup;
			children = (
				01D1F35C1B24D9B2007B97BD /* FZAccordionTableView.h */,
				01D1F35D1B24D9B2007B97BD /* FZAccordionTableView.m */,
			);
			name = FZAccordionTableView;
			path = ../../FZAccordionTableView;
			sourceTree = "<group>";
		};
/* End PBXGroup section */

/* Begin PBXNativeTarget section */
		0156F1401CCD219800E0530C /* FZAccordionTableViewUITests */ = {
			isa = PBXNativeTarget;
			buildConfigurationList = 0156F1481CCD219800E0530C /* Build configuration list for PBXNativeTarget "FZAccordionTableViewUITests" */;
			buildPhases = (
				0156F13D1CCD219800E0530C /* Sources */,
				0156F13E1CCD219800E0530C /* Frameworks */,
				0156F13F1CCD219800E0530C /* Resources */,
			);
			buildRules = (
			);
			dependencies = (
				0156F1471CCD219800E0530C /* PBXTargetDependency */,
			);
			name = FZAccordionTableViewUITests;
			productName = FZAccordionTableViewUITests;
			productReference = 0156F1411CCD219800E0530C /* FZAccordionTableViewUITests.xctest */;
			productType = "com.apple.product-type.bundle.ui-testing";
		};
		0156F1541CCD2BA400E0530C /* FZAccordionTableViewUnitTests */ = {
			isa = PBXNativeTarget;
			buildConfigurationList = 0156F15C1CCD2BA400E0530C /* Build configuration list for PBXNativeTarget "FZAccordionTableViewUnitTests" */;
			buildPhases = (
				0156F1511CCD2BA400E0530C /* Sources */,
				0156F1521CCD2BA400E0530C /* Frameworks */,
				0156F1531CCD2BA400E0530C /* Resources */,
			);
			buildRules = (
			);
			dependencies = (
				0156F15B1CCD2BA400E0530C /* PBXTargetDependency */,
			);
			name = FZAccordionTableViewUnitTests;
			productName = FZAccordionTableViewUnitTests;
			productReference = 0156F1551CCD2BA400E0530C /* FZAccordionTableViewUnitTests.xctest */;
			productType = "com.apple.product-type.bundle.unit-test";
		};
		01D1F32E1B24D94A007B97BD /* FZAccordionTableViewTestApp */ = {
			isa = PBXNativeTarget;
			buildConfigurationList = 01D1F3551B24D94A007B97BD /* Build configuration list for PBXNativeTarget "FZAccordionTableViewTestApp" */;
			buildPhases = (
				01D1F32B1B24D94A007B97BD /* Sources */,
				01D1F32C1B24D94A007B97BD /* Frameworks */,
				01D1F32D1B24D94A007B97BD /* Resources */,
			);
			buildRules = (
			);
			dependencies = (
			);
			name = FZAccordionTableViewTestApp;
			productName = FZAccordionTableViewExample;
			productReference = 01D1F32F1B24D94A007B97BD /* FZAccordionTableViewTests.app */;
			productType = "com.apple.product-type.application";
		};
/* End PBXNativeTarget section */

/* Begin PBXProject section */
		01D1F3271B24D949007B97BD /* Project object */ = {
			isa = PBXProject;
			attributes = {
				LastUpgradeCheck = 0630;
				ORGANIZATIONNAME = Fuzz;
				TargetAttributes = {
					0156F1401CCD219800E0530C = {
						CreatedOnToolsVersion = 7.3;
						TestTargetID = 01D1F32E1B24D94A007B97BD;
					};
					0156F1541CCD2BA400E0530C = {
						CreatedOnToolsVersion = 7.3;
						TestTargetID = 01D1F32E1B24D94A007B97BD;
					};
					01D1F32E1B24D94A007B97BD = {
						CreatedOnToolsVersion = 6.3.2;
					};
				};
			};
			buildConfigurationList = 01D1F32A1B24D949007B97BD /* Build configuration list for PBXProject "FZAccordionTableViewTests" */;
			compatibilityVersion = "Xcode 3.2";
			developmentRegion = English;
			hasScannedForEncodings = 0;
			knownRegions = (
				en,
				Base,
			);
			mainGroup = 01D1F3261B24D949007B97BD;
			productRefGroup = 01D1F3301B24D94A007B97BD /* Products */;
			projectDirPath = "";
			projectRoot = "";
			targets = (
				01D1F32E1B24D94A007B97BD /* FZAccordionTableViewTestApp */,
				0156F1401CCD219800E0530C /* FZAccordionTableViewUITests */,
				0156F1541CCD2BA400E0530C /* FZAccordionTableViewUnitTests */,
			);
		};
/* End PBXProject section */

/* Begin PBXResourcesBuildPhase section */
		0156F13F1CCD219800E0530C /* Resources */ = {
			isa = PBXResourcesBuildPhase;
			buildActionMask = 2147483647;
			files = (
				0156F14E1CCD2A7600E0530C /* AccordionHeaderView.xib in Resources */,
				0156F14D1CCD2A6E00E0530C /* Main.storyboard in Resources */,
			);
			runOnlyForDeploymentPostprocessing = 0;
		};
		0156F1531CCD2BA400E0530C /* Resources */ = {
			isa = PBXResourcesBuildPhase;
			buildActionMask = 2147483647;
			files = (
			);
			runOnlyForDeploymentPostprocessing = 0;
		};
		01D1F32D1B24D94A007B97BD /* Resources */ = {
			isa = PBXResourcesBuildPhase;
			buildActionMask = 2147483647;
			files = (
				01D1F3411B24D94A007B97BD /* Main.storyboard in Resources */,
				01D1F3461B24D94A007B97BD /* LaunchScreen.xib in Resources */,
				01D1F3681B24DD86007B97BD /* AccordionHeaderView.xib in Resources */,
				01D1F3431B24D94A007B97BD /* Images.xcassets in Resources */,
			);
			runOnlyForDeploymentPostprocessing = 0;
		};
/* End PBXResourcesBuildPhase section */

/* Begin PBXSourcesBuildPhase section */
		0156F13D1CCD219800E0530C /* Sources */ = {
			isa = PBXSourcesBuildPhase;
			buildActionMask = 2147483647;
			files = (
			);
			runOnlyForDeploymentPostprocessing = 0;
		};
		0156F1511CCD2BA400E0530C /* Sources */ = {
			isa = PBXSourcesBuildPhase;
			buildActionMask = 2147483647;
			files = (
				0137E0F01CCDAF0400C2CFAC /* FZAccordionTableViewTestHelpers.m in Sources */,
				01B0D1BA1CD038000012BBCA /* FZAccordionTableViewTestBase.m in Sources */,
				01B0D1B81CD037BC0012BBCA /* FZAccordionTableViewDelegateTests.m in Sources */,
				0137E0ED1CCDAED200C2CFAC /* FZAccordionTableViewInitializationTests.m in Sources */,
				0156F1581CCD2BA400E0530C /* FZAccordionTableViewGeneralTests.m in Sources */,
			);
			runOnlyForDeploymentPostprocessing = 0;
		};
		01D1F32B1B24D94A007B97BD /* Sources */ = {
			isa = PBXSourcesBuildPhase;
			buildActionMask = 2147483647;
			files = (
				01D1F35E1B24D9B2007B97BD /* FZAccordionTableView.m in Sources */,
				01D1F3661B24DD61007B97BD /* AccordionHeaderView.m in Sources */,
				01D1F3381B24D94A007B97BD /* AppDelegate.m in Sources */,
				01D1F33B1B24D94A007B97BD /* MainViewController.m in Sources */,
				01D1F3351B24D94A007B97BD /* main.m in Sources */,
			);
			runOnlyForDeploymentPostprocessing = 0;
		};
/* End PBXSourcesBuildPhase section */

/* Begin PBXTargetDependency section */
		0156F1471CCD219800E0530C /* PBXTargetDependency */ = {
			isa = PBXTargetDependency;
			target = 01D1F32E1B24D94A007B97BD /* FZAccordionTableViewTestApp */;
			targetProxy = 0156F1461CCD219800E0530C /* PBXContainerItemProxy */;
		};
		0156F15B1CCD2BA400E0530C /* PBXTargetDependency */ = {
			isa = PBXTargetDependency;
			target = 01D1F32E1B24D94A007B97BD /* FZAccordionTableViewTestApp */;
			targetProxy = 0156F15A1CCD2BA400E0530C /* PBXContainerItemProxy */;
		};
/* End PBXTargetDependency section */

/* Begin PBXVariantGroup section */
		01D1F33F1B24D94A007B97BD /* Main.storyboard */ = {
			isa = PBXVariantGroup;
			children = (
				01D1F3401B24D94A007B97BD /* Base */,
			);
			name = Main.storyboard;
			sourceTree = "<group>";
		};
		01D1F3441B24D94A007B97BD /* LaunchScreen.xib */ = {
			isa = PBXVariantGroup;
			children = (
				01D1F3451B24D94A007B97BD /* Base */,
			);
			name = LaunchScreen.xib;
			sourceTree = "<group>";
		};
/* End PBXVariantGroup section */

/* Begin XCBuildConfiguration section */
		0156F1491CCD219800E0530C /* Debug */ = {
			isa = XCBuildConfiguration;
			buildSettings = {
				CLANG_ANALYZER_NONNULL = YES;
				DEBUG_INFORMATION_FORMAT = dwarf;
				ENABLE_TESTABILITY = YES;
				INFOPLIST_FILE = FZAccordionTableViewUITests/Info.plist;
				IPHONEOS_DEPLOYMENT_TARGET = 9.3;
				LD_RUNPATH_SEARCH_PATHS = "$(inherited) @executable_path/Frameworks @loader_path/Frameworks";
				PRODUCT_BUNDLE_IDENTIFIER = com.kg.FZAccordionTableViewUITests;
				PRODUCT_NAME = "$(TARGET_NAME)";
				TEST_TARGET_NAME = FZAccordionTableViewTestApp;
			};
			name = Debug;
		};
		0156F14A1CCD219800E0530C /* Release */ = {
			isa = XCBuildConfiguration;
			buildSettings = {
				CLANG_ANALYZER_NONNULL = YES;
				INFOPLIST_FILE = FZAccordionTableViewUITests/Info.plist;
				IPHONEOS_DEPLOYMENT_TARGET = 9.3;
				LD_RUNPATH_SEARCH_PATHS = "$(inherited) @executable_path/Frameworks @loader_path/Frameworks";
				PRODUCT_BUNDLE_IDENTIFIER = com.kg.FZAccordionTableViewUITests;
				PRODUCT_NAME = "$(TARGET_NAME)";
				TEST_TARGET_NAME = FZAccordionTableViewTestApp;
			};
			name = Release;
		};
		0156F15D1CCD2BA400E0530C /* Debug */ = {
			isa = XCBuildConfiguration;
			buildSettings = {
				BUNDLE_LOADER = "$(TEST_HOST)";
				CLANG_ANALYZER_NONNULL = YES;
				DEBUG_INFORMATION_FORMAT = dwarf;
				ENABLE_TESTABILITY = YES;
				INFOPLIST_FILE = FZAccordionTableViewUnitTests/Info.plist;
				IPHONEOS_DEPLOYMENT_TARGET = 9.3;
				LD_RUNPATH_SEARCH_PATHS = "$(inherited) @executable_path/Frameworks @loader_path/Frameworks";
				PRODUCT_BUNDLE_IDENTIFIER = com.kg.FZAccordionTableViewUnitTests;
				PRODUCT_NAME = "$(TARGET_NAME)";
				TEST_HOST = "$(BUILT_PRODUCTS_DIR)/FZAccordionTableViewTests.app/FZAccordionTableViewTests";
			};
			name = Debug;
		};
		0156F15E1CCD2BA400E0530C /* Release */ = {
			isa = XCBuildConfiguration;
			buildSettings = {
				BUNDLE_LOADER = "$(TEST_HOST)";
				CLANG_ANALYZER_NONNULL = YES;
				INFOPLIST_FILE = FZAccordionTableViewUnitTests/Info.plist;
				IPHONEOS_DEPLOYMENT_TARGET = 9.3;
				LD_RUNPATH_SEARCH_PATHS = "$(inherited) @executable_path/Frameworks @loader_path/Frameworks";
				PRODUCT_BUNDLE_IDENTIFIER = com.kg.FZAccordionTableViewUnitTests;
				PRODUCT_NAME = "$(TARGET_NAME)";
				TEST_HOST = "$(BUILT_PRODUCTS_DIR)/FZAccordionTableViewTests.app/FZAccordionTableViewTests";
			};
			name = Release;
		};
		01D1F3531B24D94A007B97BD /* Debug */ = {
			isa = XCBuildConfiguration;
			buildSettings = {
				ALWAYS_SEARCH_USER_PATHS = NO;
				CLANG_CXX_LANGUAGE_STANDARD = "gnu++0x";
				CLANG_CXX_LIBRARY = "libc++";
				CLANG_ENABLE_MODULES = YES;
				CLANG_ENABLE_OBJC_ARC = YES;
				CLANG_WARN_BOOL_CONVERSION = YES;
				CLANG_WARN_CONSTANT_CONVERSION = YES;
				CLANG_WARN_DIRECT_OBJC_ISA_USAGE = YES_ERROR;
				CLANG_WARN_EMPTY_BODY = YES;
				CLANG_WARN_ENUM_CONVERSION = YES;
				CLANG_WARN_INT_CONVERSION = YES;
				CLANG_WARN_OBJC_ROOT_CLASS = YES_ERROR;
				CLANG_WARN_UNREACHABLE_CODE = YES;
				CLANG_WARN__DUPLICATE_METHOD_MATCH = YES;
				"CODE_SIGN_IDENTITY[sdk=iphoneos*]" = "iPhone Developer";
				COPY_PHASE_STRIP = NO;
				DEBUG_INFORMATION_FORMAT = "dwarf-with-dsym";
				ENABLE_STRICT_OBJC_MSGSEND = YES;
				GCC_C_LANGUAGE_STANDARD = gnu99;
				GCC_DYNAMIC_NO_PIC = NO;
				GCC_NO_COMMON_BLOCKS = YES;
				GCC_OPTIMIZATION_LEVEL = 0;
				GCC_PREPROCESSOR_DEFINITIONS = (
					"DEBUG=1",
					"$(inherited)",
				);
				GCC_SYMBOLS_PRIVATE_EXTERN = NO;
				GCC_WARN_64_TO_32_BIT_CONVERSION = YES;
				GCC_WARN_ABOUT_RETURN_TYPE = YES_ERROR;
				GCC_WARN_UNDECLARED_SELECTOR = YES;
				GCC_WARN_UNINITIALIZED_AUTOS = YES_AGGRESSIVE;
				GCC_WARN_UNUSED_FUNCTION = YES;
				GCC_WARN_UNUSED_VARIABLE = YES;
				IPHONEOS_DEPLOYMENT_TARGET = 8.3;
				MTL_ENABLE_DEBUG_INFO = YES;
				ONLY_ACTIVE_ARCH = YES;
				SDKROOT = iphoneos;
			};
			name = Debug;
		};
		01D1F3541B24D94A007B97BD /* Release */ = {
			isa = XCBuildConfiguration;
			buildSettings = {
				ALWAYS_SEARCH_USER_PATHS = NO;
				CLANG_CXX_LANGUAGE_STANDARD = "gnu++0x";
				CLANG_CXX_LIBRARY = "libc++";
				CLANG_ENABLE_MODULES = YES;
				CLANG_ENABLE_OBJC_ARC = YES;
				CLANG_WARN_BOOL_CONVERSION = YES;
				CLANG_WARN_CONSTANT_CONVERSION = YES;
				CLANG_WARN_DIRECT_OBJC_ISA_USAGE = YES_ERROR;
				CLANG_WARN_EMPTY_BODY = YES;
				CLANG_WARN_ENUM_CONVERSION = YES;
				CLANG_WARN_INT_CONVERSION = YES;
				CLANG_WARN_OBJC_ROOT_CLASS = YES_ERROR;
				CLANG_WARN_UNREACHABLE_CODE = YES;
				CLANG_WARN__DUPLICATE_METHOD_MATCH = YES;
				"CODE_SIGN_IDENTITY[sdk=iphoneos*]" = "iPhone Developer";
				COPY_PHASE_STRIP = NO;
				DEBUG_INFORMATION_FORMAT = "dwarf-with-dsym";
				ENABLE_NS_ASSERTIONS = NO;
				ENABLE_STRICT_OBJC_MSGSEND = YES;
				GCC_C_LANGUAGE_STANDARD = gnu99;
				GCC_NO_COMMON_BLOCKS = YES;
				GCC_WARN_64_TO_32_BIT_CONVERSION = YES;
				GCC_WARN_ABOUT_RETURN_TYPE = YES_ERROR;
				GCC_WARN_UNDECLARED_SELECTOR = YES;
				GCC_WARN_UNINITIALIZED_AUTOS = YES_AGGRESSIVE;
				GCC_WARN_UNUSED_FUNCTION = YES;
				GCC_WARN_UNUSED_VARIABLE = YES;
				IPHONEOS_DEPLOYMENT_TARGET = 8.3;
				MTL_ENABLE_DEBUG_INFO = NO;
				SDKROOT = iphoneos;
				VALIDATE_PRODUCT = YES;
			};
			name = Release;
		};
		01D1F3561B24D94A007B97BD /* Debug */ = {
			isa = XCBuildConfiguration;
			buildSettings = {
				ASSETCATALOG_COMPILER_APPICON_NAME = AppIcon;
				ASSETCATALOG_COMPILER_LAUNCHIMAGE_NAME = LaunchImage;
				INFOPLIST_FILE = FZAccordionTableViewTestApp/Info.plist;
				IPHONEOS_DEPLOYMENT_TARGET = 7.0;
				LD_RUNPATH_SEARCH_PATHS = "$(inherited) @executable_path/Frameworks";
				PRODUCT_NAME = FZAccordionTableViewTests;
				TARGETED_DEVICE_FAMILY = 1;
			};
			name = Debug;
		};
		01D1F3571B24D94A007B97BD /* Release */ = {
			isa = XCBuildConfiguration;
			buildSettings = {
				ASSETCATALOG_COMPILER_APPICON_NAME = AppIcon;
				ASSETCATALOG_COMPILER_LAUNCHIMAGE_NAME = LaunchImage;
				INFOPLIST_FILE = FZAccordionTableViewTestApp/Info.plist;
				IPHONEOS_DEPLOYMENT_TARGET = 7.0;
				LD_RUNPATH_SEARCH_PATHS = "$(inherited) @executable_path/Frameworks";
				PRODUCT_NAME = FZAccordionTableViewTests;
				TARGETED_DEVICE_FAMILY = 1;
			};
			name = Release;
		};
/* End XCBuildConfiguration section */

/* Begin XCConfigurationList section */
		0156F1481CCD219800E0530C /* Build configuration list for PBXNativeTarget "FZAccordionTableViewUITests" */ = {
			isa = XCConfigurationList;
			buildConfigurations = (
				0156F1491CCD219800E0530C /* Debug */,
				0156F14A1CCD219800E0530C /* Release */,
			);
			defaultConfigurationIsVisible = 0;
			defaultConfigurationName = Release;
		};
		0156F15C1CCD2BA400E0530C /* Build configuration list for PBXNativeTarget "FZAccordionTableViewUnitTests" */ = {
			isa = XCConfigurationList;
			buildConfigurations = (
				0156F15D1CCD2BA400E0530C /* Debug */,
				0156F15E1CCD2BA400E0530C /* Release */,
			);
			defaultConfigurationIsVisible = 0;
			defaultConfigurationName = Release;
		};
		01D1F32A1B24D949007B97BD /* Build configuration list for PBXProject "FZAccordionTableViewTests" */ = {
			isa = XCConfigurationList;
			buildConfigurations = (
				01D1F3531B24D94A007B97BD /* Debug */,
				01D1F3541B24D94A007B97BD /* Release */,
			);
			defaultConfigurationIsVisible = 0;
			defaultConfigurationName = Release;
		};
		01D1F3551B24D94A007B97BD /* Build configuration list for PBXNativeTarget "FZAccordionTableViewTestApp" */ = {
			isa = XCConfigurationList;
			buildConfigurations = (
				01D1F3561B24D94A007B97BD /* Debug */,
				01D1F3571B24D94A007B97BD /* Release */,
			);
			defaultConfigurationIsVisible = 0;
			defaultConfigurationName = Release;
		};
/* End XCConfigurationList section */
	};
	rootObject = 01D1F3271B24D949007B97BD /* Project object */;
}
