// !$*UTF8*$!
{
	archiveVersion = 1;
	classes = {
	};
	objectVersion = 46;
	objects = {

/* Begin PBXBuildFile section */
		010C610E1CB0244500D57F77 /* FZAccordionTableView+Internals.m in Sources */ = {isa = PBXBuildFile; fileRef = 010C610D1CB0244500D57F77 /* FZAccordionTableView+Internals.m */; };
		015B94341B2E321F00C1E772 /* FZAccordionTableViewTests.m in Sources */ = {isa = PBXBuildFile; fileRef = 015B94331B2E321F00C1E772 /* FZAccordionTableViewTests.m */; };
		015B943E1B2E333800C1E772 /* FZAccordionTableViewSimulator.m in Sources */ = {isa = PBXBuildFile; fileRef = 015B943D1B2E333800C1E772 /* FZAccordionTableViewSimulator.m */; };
		01AAAAC91B2E4EE8009D3AE3 /* FZAccordionTableView.m in Sources */ = {isa = PBXBuildFile; fileRef = 01AAAAC81B2E4EE8009D3AE3 /* FZAccordionTableView.m */; };
		01AAAACE1B2E4F55009D3AE3 /* FZAccordionTableViewDelegateTests.m in Sources */ = {isa = PBXBuildFile; fileRef = 01AAAACD1B2E4F55009D3AE3 /* FZAccordionTableViewDelegateTests.m */; };
/* End PBXBuildFile section */

/* Begin PBXFileReference section */
		010C610C1CB0244500D57F77 /* FZAccordionTableView+Internals.h */ = {isa = PBXFileReference; fileEncoding = 4; lastKnownFileType = sourcecode.c.h; path = "FZAccordionTableView+Internals.h"; sourceTree = "<group>"; };
		010C610D1CB0244500D57F77 /* FZAccordionTableView+Internals.m */ = {isa = PBXFileReference; fileEncoding = 4; lastKnownFileType = sourcecode.c.objc; path = "FZAccordionTableView+Internals.m"; sourceTree = "<group>"; };
		015B942E1B2E321F00C1E772 /* FZAccordionTableViewTests.xctest */ = {isa = PBXFileReference; explicitFileType = wrapper.cfbundle; includeInIndex = 0; path = FZAccordionTableViewTests.xctest; sourceTree = BUILT_PRODUCTS_DIR; };
		015B94321B2E321F00C1E772 /* Info.plist */ = {isa = PBXFileReference; lastKnownFileType = text.plist.xml; path = Info.plist; sourceTree = "<group>"; };
		015B94331B2E321F00C1E772 /* FZAccordionTableViewTests.m */ = {isa = PBXFileReference; lastKnownFileType = sourcecode.c.objc; path = FZAccordionTableViewTests.m; sourceTree = "<group>"; };
		015B943C1B2E333800C1E772 /* FZAccordionTableViewSimulator.h */ = {isa = PBXFileReference; fileEncoding = 4; lastKnownFileType = sourcecode.c.h; path = FZAccordionTableViewSimulator.h; sourceTree = "<group>"; };
		015B943D1B2E333800C1E772 /* FZAccordionTableViewSimulator.m */ = {isa = PBXFileReference; fileEncoding = 4; lastKnownFileType = sourcecode.c.objc; path = FZAccordionTableViewSimulator.m; sourceTree = "<group>"; };
		01AAAAC71B2E4EE8009D3AE3 /* FZAccordionTableView.h */ = {isa = PBXFileReference; fileEncoding = 4; lastKnownFileType = sourcecode.c.h; path = FZAccordionTableView.h; sourceTree = "<group>"; };
		01AAAAC81B2E4EE8009D3AE3 /* FZAccordionTableView.m */ = {isa = PBXFileReference; fileEncoding = 4; lastKnownFileType = sourcecode.c.objc; path = FZAccordionTableView.m; sourceTree = "<group>"; };
		01AAAACD1B2E4F55009D3AE3 /* FZAccordionTableViewDelegateTests.m */ = {isa = PBXFileReference; fileEncoding = 4; lastKnownFileType = sourcecode.c.objc; path = FZAccordionTableViewDelegateTests.m; sourceTree = "<group>"; };
/* End PBXFileReference section */

/* Begin PBXFrameworksBuildPhase section */
		015B942B1B2E321F00C1E772 /* Frameworks */ = {
			isa = PBXFrameworksBuildPhase;
			buildActionMask = 2147483647;
			files = (
			);
			runOnlyForDeploymentPostprocessing = 0;
		};
/* End PBXFrameworksBuildPhase section */

/* Begin PBXGroup section */
		015B94231B2E31E000C1E772 = {
			isa = PBXGroup;
			children = (
				015B94301B2E321F00C1E772 /* FZAccordionTableViewTests */,
				015B942F1B2E321F00C1E772 /* Products */,
			);
			sourceTree = "<group>";
		};
		015B942F1B2E321F00C1E772 /* Products */ = {
			isa = PBXGroup;
			children = (
				015B942E1B2E321F00C1E772 /* FZAccordionTableViewTests.xctest */,
			);
			name = Products;
			sourceTree = "<group>";
		};
		015B94301B2E321F00C1E772 /* FZAccordionTableViewTests */ = {
			isa = PBXGroup;
			children = (
				010C610C1CB0244500D57F77 /* FZAccordionTableView+Internals.h */,
				010C610D1CB0244500D57F77 /* FZAccordionTableView+Internals.m */,
				015B943C1B2E333800C1E772 /* FZAccordionTableViewSimulator.h */,
				015B943D1B2E333800C1E772 /* FZAccordionTableViewSimulator.m */,
				015B94331B2E321F00C1E772 /* FZAccordionTableViewTests.m */,
				01AAAACD1B2E4F55009D3AE3 /* FZAccordionTableViewDelegateTests.m */,
				015B94311B2E321F00C1E772 /* Supporting Files */,
				015B94381B2E325200C1E772 /* FZAccordionTableView */,
			);
			path = FZAccordionTableViewTests;
			sourceTree = "<group>";
		};
		015B94311B2E321F00C1E772 /* Supporting Files */ = {
			isa = PBXGroup;
			children = (
				015B94321B2E321F00C1E772 /* Info.plist */,
			);
			name = "Supporting Files";
			sourceTree = "<group>";
		};
		015B94381B2E325200C1E772 /* FZAccordionTableView */ = {
			isa = PBXGroup;
			children = (
				01AAAAC71B2E4EE8009D3AE3 /* FZAccordionTableView.h */,
				01AAAAC81B2E4EE8009D3AE3 /* FZAccordionTableView.m */,
			);
			name = FZAccordionTableView;
			path = ../../FZAccordionTableView;
			sourceTree = "<group>";
		};
/* End PBXGroup section */

/* Begin PBXNativeTarget section */
		015B942D1B2E321F00C1E772 /* FZAccordionTableViewTests */ = {
			isa = PBXNativeTarget;
			buildConfigurationList = 015B94351B2E321F00C1E772 /* Build configuration list for PBXNativeTarget "FZAccordionTableViewTests" */;
			buildPhases = (
				015B942A1B2E321F00C1E772 /* Sources */,
				015B942B1B2E321F00C1E772 /* Frameworks */,
				015B942C1B2E321F00C1E772 /* Resources */,
			);
			buildRules = (
			);
			dependencies = (
			);
			name = FZAccordionTableViewTests;
			productName = FZAccordionTableViewTests;
			productReference = 015B942E1B2E321F00C1E772 /* FZAccordionTableViewTests.xctest */;
			productType = "com.apple.product-type.bundle.unit-test";
		};
/* End PBXNativeTarget section */

/* Begin PBXProject section */
		015B94241B2E31E000C1E772 /* Project object */ = {
			isa = PBXProject;
			attributes = {
				LastUpgradeCheck = 0630;
				TargetAttributes = {
					015B942D1B2E321F00C1E772 = {
						CreatedOnToolsVersion = 6.3.2;
					};
				};
			};
			buildConfigurationList = 015B94271B2E31E000C1E772 /* Build configuration list for PBXProject "FZAccordionTableViewTests" */;
			compatibilityVersion = "Xcode 3.2";
			developmentRegion = English;
			hasScannedForEncodings = 0;
			knownRegions = (
				en,
			);
			mainGroup = 015B94231B2E31E000C1E772;
			productRefGroup = 015B942F1B2E321F00C1E772 /* Products */;
			projectDirPath = "";
			projectRoot = "";
			targets = (
				015B942D1B2E321F00C1E772 /* FZAccordionTableViewTests */,
			);
		};
/* End PBXProject section */

/* Begin PBXResourcesBuildPhase section */
		015B942C1B2E321F00C1E772 /* Resources */ = {
			isa = PBXResourcesBuildPhase;
			buildActionMask = 2147483647;
			files = (
			);
			runOnlyForDeploymentPostprocessing = 0;
		};
/* End PBXResourcesBuildPhase section */

/* Begin PBXSourcesBuildPhase section */
		015B942A1B2E321F00C1E772 /* Sources */ = {
			isa = PBXSourcesBuildPhase;
			buildActionMask = 2147483647;
			files = (
				010C610E1CB0244500D57F77 /* FZAccordionTableView+Internals.m in Sources */,
				015B943E1B2E333800C1E772 /* FZAccordionTableViewSimulator.m in Sources */,
				01AAAACE1B2E4F55009D3AE3 /* FZAccordionTableViewDelegateTests.m in Sources */,
				01AAAAC91B2E4EE8009D3AE3 /* FZAccordionTableView.m in Sources */,
				015B94341B2E321F00C1E772 /* FZAccordionTableViewTests.m in Sources */,
			);
			runOnlyForDeploymentPostprocessing = 0;
		};
/* End PBXSourcesBuildPhase section */

/* Begin XCBuildConfiguration section */
		015B94281B2E31E000C1E772 /* Debug */ = {
			isa = XCBuildConfiguration;
			buildSettings = {
			};
			name = Debug;
		};
		015B94291B2E31E000C1E772 /* Release */ = {
			isa = XCBuildConfiguration;
			buildSettings = {
			};
			name = Release;
		};
		015B94361B2E321F00C1E772 /* Debug */ = {
			isa = XCBuildConfiguration;
			buildSettings = {
				ALWAYS_SEARCH_USER_PATHS = NO;
				CLANG_CXX_LANGUAGE_STANDARD = "gnu++0x";
				CLANG_CXX_LIBRARY = "libc++";
				CLANG_ENABLE_MODULES = YES;
				CLANG_ENABLE_OBJC_ARC = YES;
				CLANG_WARN_BOOL_CONVERSION = YES;
				CLANG_WARN_CONSTANT_CONVERSION = YES;
				CLANG_WARN_DIRECT_OBJC_ISA_USAGE = YES_ERROR;
				CLANG_WARN_EMPTY_BODY = YES;
				CLANG_WARN_ENUM_CONVERSION = YES;
				CLANG_WARN_INT_CONVERSION = YES;
				CLANG_WARN_OBJC_ROOT_CLASS = YES_ERROR;
				CLANG_WARN_UNREACHABLE_CODE = YES;
				CLANG_WARN__DUPLICATE_METHOD_MATCH = YES;
				COPY_PHASE_STRIP = NO;
				DEBUG_INFORMATION_FORMAT = "dwarf-with-dsym";
				ENABLE_STRICT_OBJC_MSGSEND = YES;
				FRAMEWORK_SEARCH_PATHS = (
					"$(SDKROOT)/Developer/Library/Frameworks",
					"$(inherited)",
				);
				GCC_C_LANGUAGE_STANDARD = gnu99;
				GCC_DYNAMIC_NO_PIC = NO;
				GCC_NO_COMMON_BLOCKS = YES;
				GCC_OPTIMIZATION_LEVEL = 0;
				GCC_PREPROCESSOR_DEFINITIONS = (
					"DEBUG=1",
					"$(inherited)",
				);
				GCC_SYMBOLS_PRIVATE_EXTERN = NO;
				GCC_WARN_64_TO_32_BIT_CONVERSION = YES;
				GCC_WARN_ABOUT_RETURN_TYPE = YES_ERROR;
				GCC_WARN_UNDECLARED_SELECTOR = YES;
				GCC_WARN_UNINITIALIZED_AUTOS = YES_AGGRESSIVE;
				GCC_WARN_UNUSED_FUNCTION = YES;
				GCC_WARN_UNUSED_VARIABLE = YES;
				INFOPLIST_FILE = FZAccordionTableViewTests/Info.plist;
				IPHONEOS_DEPLOYMENT_TARGET = 8.3;
				LD_RUNPATH_SEARCH_PATHS = "$(inherited) @executable_path/Frameworks @loader_path/Frameworks";
				MTL_ENABLE_DEBUG_INFO = YES;
				ONLY_ACTIVE_ARCH = YES;
				PRODUCT_NAME = "$(TARGET_NAME)";
				SDKROOT = iphoneos;
			};
			name = Debug;
		};
		015B94371B2E321F00C1E772 /* Release */ = {
			isa = XCBuildConfiguration;
			buildSettings = {
				ALWAYS_SEARCH_USER_PATHS = NO;
				CLANG_CXX_LANGUAGE_STANDARD = "gnu++0x";
				CLANG_CXX_LIBRARY = "libc++";
				CLANG_ENABLE_MODULES = YES;
				CLANG_ENABLE_OBJC_ARC = YES;
				CLANG_WARN_BOOL_CONVERSION = YES;
				CLANG_WARN_CONSTANT_CONVERSION = YES;
				CLANG_WARN_DIRECT_OBJC_ISA_USAGE = YES_ERROR;
				CLANG_WARN_EMPTY_BODY = YES;
				CLANG_WARN_ENUM_CONVERSION = YES;
				CLANG_WARN_INT_CONVERSION = YES;
				CLANG_WARN_OBJC_ROOT_CLASS = YES_ERROR;
				CLANG_WARN_UNREACHABLE_CODE = YES;
				CLANG_WARN__DUPLICATE_METHOD_MATCH = YES;
				COPY_PHASE_STRIP = NO;
				DEBUG_INFORMATION_FORMAT = "dwarf-with-dsym";
				ENABLE_NS_ASSERTIONS = NO;
				ENABLE_STRICT_OBJC_MSGSEND = YES;
				FRAMEWORK_SEARCH_PATHS = (
					"$(SDKROOT)/Developer/Library/Frameworks",
					"$(inherited)",
				);
				GCC_C_LANGUAGE_STANDARD = gnu99;
				GCC_NO_COMMON_BLOCKS = YES;
				GCC_WARN_64_TO_32_BIT_CONVERSION = YES;
				GCC_WARN_ABOUT_RETURN_TYPE = YES_ERROR;
				GCC_WARN_UNDECLARED_SELECTOR = YES;
				GCC_WARN_UNINITIALIZED_AUTOS = YES_AGGRESSIVE;
				GCC_WARN_UNUSED_FUNCTION = YES;
				GCC_WARN_UNUSED_VARIABLE = YES;
				INFOPLIST_FILE = FZAccordionTableViewTests/Info.plist;
				IPHONEOS_DEPLOYMENT_TARGET = 8.3;
				LD_RUNPATH_SEARCH_PATHS = "$(inherited) @executable_path/Frameworks @loader_path/Frameworks";
				MTL_ENABLE_DEBUG_INFO = NO;
				PRODUCT_NAME = "$(TARGET_NAME)";
				SDKROOT = iphoneos;
				VALIDATE_PRODUCT = YES;
			};
			name = Release;
		};
/* End XCBuildConfiguration section */

/* Begin XCConfigurationList section */
		015B94271B2E31E000C1E772 /* Build configuration list for PBXProject "FZAccordionTableViewTests" */ = {
			isa = XCConfigurationList;
			buildConfigurations = (
				015B94281B2E31E000C1E772 /* Debug */,
				015B94291B2E31E000C1E772 /* Release */,
			);
			defaultConfigurationIsVisible = 0;
			defaultConfigurationName = Release;
		};
		015B94351B2E321F00C1E772 /* Build configuration list for PBXNativeTarget "FZAccordionTableViewTests" */ = {
			isa = XCConfigurationList;
			buildConfigurations = (
				015B94361B2E321F00C1E772 /* Debug */,
				015B94371B2E321F00C1E772 /* Release */,
			);
			defaultConfigurationIsVisible = 0;
			defaultConfigurationName = Release;
		};
/* End XCConfigurationList section */
	};
	rootObject = 015B94241B2E31E000C1E772 /* Project object */;
}
